
Microsoft Visual Studio Solution File, Format Version 12.00
# Visual Studio Version 16
VisualStudioVersion = 16.0.31129.286
MinimumVisualStudioVersion = 10.0.40219.1
Project("{2150E333-8FDC-42A3-9474-1A3956D46DE8}") = "src", "src", "{5DE196F0-52D4-4F2B-9EF0-4AEBDA215CFA}"
EndProject
Project("{2150E333-8FDC-42A3-9474-1A3956D46DE8}") = "Solution Items", "Solution Items", "{33C5B1CC-83AD-4C36-92F8-C5679ED7B63C}"
	ProjectSection(SolutionItems) = preProject
		ServiceUrls.txt = ServiceUrls.txt
	EndProjectSection
EndProject
Project("{2150E333-8FDC-42A3-9474-1A3956D46DE8}") = "ApiGateways", "ApiGateways", "{91352B34-9E77-44D5-BA9F-A83C5F0E57F9}"
EndProject
Project("{2150E333-8FDC-42A3-9474-1A3956D46DE8}") = "BuildingBlocks", "BuildingBlocks", "{F826A898-98E7-4034-AE44-B129320004FA}"
EndProject
Project("{2150E333-8FDC-42A3-9474-1A3956D46DE8}") = "Services", "Services", "{FE2C8D67-D607-44C0-A670-7C487B6A1D53}"
EndProject
Project("{2150E333-8FDC-42A3-9474-1A3956D46DE8}") = "Clients", "Clients", "{D868F477-B027-4A08-9280-690CE54FA8C8}"
EndProject
Project("{2150E333-8FDC-42A3-9474-1A3956D46DE8}") = "WebApiGateway", "WebApiGateway", "{81207C27-F79A-443C-B183-8ACB77DE9634}"
EndProject
Project("{9A19103F-16F7-4668-BE54-9A1E7A4F7556}") = "VY.ECommerce.Web.ApiGateway", "src\ApiGateways\WebApiGateway\VY.ECommerce.Web.ApiGateway\VY.ECommerce.Web.ApiGateway.csproj", "{709CD40F-D540-461D-A983-A20BFAEFC93F}"
EndProject
Project("{2150E333-8FDC-42A3-9474-1A3956D46DE8}") = "EventBus", "EventBus", "{16C52D71-88CC-402D-852E-AB557A5B5A43}"
EndProject
Project("{9A19103F-16F7-4668-BE54-9A1E7A4F7556}") = "VY.Ecommerce.EventBus.Base", "src\BuildingBlocks\EventBus\VY.Ecommerce.EventBus\VY.Ecommerce.EventBus.Base.csproj", "{8C29CFB9-E74F-4E7F-B347-7C1B1AFC8A2B}"
EndProject
Project("{9A19103F-16F7-4668-BE54-9A1E7A4F7556}") = "VY.Ecommerce.EventBus.Factory", "src\BuildingBlocks\EventBus\VY.Ecommerce.EventBus.Factory\VY.Ecommerce.EventBus.Factory.csproj", "{4BDDA058-D7F5-40D9-B73B-08609CACA11E}"
EndProject
Project("{9A19103F-16F7-4668-BE54-9A1E7A4F7556}") = "VY.Ecommerce.EventBus.AzureServiceBus", "src\BuildingBlocks\EventBus\VY.Ecommerce.EventBus.AzureServiceBus\VY.Ecommerce.EventBus.AzureServiceBus.csproj", "{3DCB95AE-B6D4-45CD-818F-3FF18D5825CF}"
EndProject
Project("{9A19103F-16F7-4668-BE54-9A1E7A4F7556}") = "VY.Ecommerce.EventBus.RabbitMQ", "src\BuildingBlocks\EventBus\VY.Ecommerce.EventBus.RabbitMQ\VY.Ecommerce.EventBus.RabbitMQ.csproj", "{3CD77E65-958A-463E-AA90-B8AEB3ACFB5E}"
EndProject
Project("{2150E333-8FDC-42A3-9474-1A3956D46DE8}") = "BlazorWebApp", "BlazorWebApp", "{9DC24E52-24AA-4FE4-A462-0BFA06F10608}"
EndProject
Project("{9A19103F-16F7-4668-BE54-9A1E7A4F7556}") = "VY.Ecommerce.WebApp", "src\Clients\BlazorWebApp\VY.Ecommerce.WebApp\VY.Ecommerce.WebApp.csproj", "{6799A1AA-876F-4E09-B37D-93CC2D1430DC}"
EndProject
Project("{2150E333-8FDC-42A3-9474-1A3956D46DE8}") = "BasketService", "BasketService", "{AC87F731-05DD-47FD-9DD9-4D14A7A0FF2C}"
EndProject
Project("{9A19103F-16F7-4668-BE54-9A1E7A4F7556}") = "VY.Ecommerce.BasketService.Api", "src\Services\BasketService\VY.Ecommerce.BasketService.Api\VY.Ecommerce.BasketService.Api.csproj", "{3FD2601A-16EF-4946-ADCD-0D563BD68B00}"
EndProject
Project("{2150E333-8FDC-42A3-9474-1A3956D46DE8}") = "CatalogService", "CatalogService", "{E9415987-5618-44C0-B266-ABCE818CEEFF}"
EndProject
Project("{9A19103F-16F7-4668-BE54-9A1E7A4F7556}") = "VY.Ecommerce.CatalogService.Api", "src\Services\CatalogService\VY.Ecommerce.CatalogService.Api\VY.Ecommerce.CatalogService.Api.csproj", "{B00C694A-DCE7-4C68-85D2-0EECD0F2B75B}"
EndProject
Project("{2150E333-8FDC-42A3-9474-1A3956D46DE8}") = "IdentityService", "IdentityService", "{55621BA3-94FB-48DE-BA62-E4BDE906668B}"
EndProject
Project("{9A19103F-16F7-4668-BE54-9A1E7A4F7556}") = "VY.Ecommerce.IdentityService.Api", "src\Services\IdentityService\VY.Ecommerce.IdentityService.Api\VY.Ecommerce.IdentityService.Api.csproj", "{73E59618-369B-432D-BA27-54F9DFA99847}"
EndProject
Project("{2150E333-8FDC-42A3-9474-1A3956D46DE8}") = "NotificationService", "NotificationService", "{CB3DCEB9-83A5-4BAD-86FB-46BBF03A2717}"
EndProject
Project("{9A19103F-16F7-4668-BE54-9A1E7A4F7556}") = "VY.Ecommerce.NotificationService", "src\Services\NotificationService\VY.Ecommerce.NotificationService\VY.Ecommerce.NotificationService.csproj", "{A3B7B87A-8AAC-46F0-8908-7D3901F446D2}"
EndProject
Project("{2150E333-8FDC-42A3-9474-1A3956D46DE8}") = "OrderService", "OrderService", "{2271E2F9-6A8C-44F3-BA33-43DAC741A6FD}"
EndProject
Project("{9A19103F-16F7-4668-BE54-9A1E7A4F7556}") = "VY.Ecommerce.OrderService.Domain", "src\Services\OrderService\VY.Ecommerce.OrderService.Domain\VY.Ecommerce.OrderService.Domain.csproj", "{4080E796-BCA8-4713-BCED-43523E28F842}"
EndProject
Project("{9A19103F-16F7-4668-BE54-9A1E7A4F7556}") = "VY.Ecommerce.OrderService.Application", "src\Services\OrderService\VY.Ecommerce.OrderService.Application\VY.Ecommerce.OrderService.Application.csproj", "{BDDB62F7-1273-4683-A605-A3F05D0AA8FE}"
EndProject
Project("{9A19103F-16F7-4668-BE54-9A1E7A4F7556}") = "VY.Ecommerce.OrderService.Infrastructure", "src\Services\OrderService\VY.Ecommerce.OrderService.Infrastructure\VY.Ecommerce.OrderService.Infrastructure.csproj", "{265B8A19-BDB1-43CA-BC8B-AAF75F08EB5F}"
EndProject
Project("{9A19103F-16F7-4668-BE54-9A1E7A4F7556}") = "VY.Ecommerce.OrderService.Api", "src\Services\OrderService\VY.Ecommerce.OrderService.Api\VY.Ecommerce.OrderService.Api.csproj", "{156C84F8-4E5C-49E6-A810-5AE5DD5D143C}"
EndProject
Project("{2150E333-8FDC-42A3-9474-1A3956D46DE8}") = "PaymentService", "PaymentService", "{CD5F243E-7933-4E85-8A1F-8FA70C61B67D}"
EndProject
Project("{9A19103F-16F7-4668-BE54-9A1E7A4F7556}") = "VY.Ecommerce.PaymentService.Api", "src\Services\PaymentService\VY.Ecommerce.PaymentService.Api\VY.Ecommerce.PaymentService.Api.csproj", "{8C91F9A8-60DA-4520-9A2D-43CF280F1736}"
EndProject
Project("{2150E333-8FDC-42A3-9474-1A3956D46DE8}") = "tests", "tests", "{6A3718A1-DCDD-4F8B-BCFC-01A13F5B66F4}"
EndProject
Project("{2150E333-8FDC-42A3-9474-1A3956D46DE8}") = "BuildingBlocks", "BuildingBlocks", "{C3D49DC6-4F37-46FF-8046-D9AC2B4B7F13}"
EndProject
Project("{FAE04EC0-301F-11D3-BF4B-00C04F79EFBC}") = "VY.ECommerceApp.EventBus.UnitTest", "tests\BuildingBlocks\VY.ECommerceApp.EventBus.UnitTest\VY.ECommerceApp.EventBus.UnitTest.csproj", "{C3461F52-E65A-4F92-A6BA-43EC12442D9C}"
EndProject
Global
	GlobalSection(SolutionConfigurationPlatforms) = preSolution
		Debug|Any CPU = Debug|Any CPU
		Release|Any CPU = Release|Any CPU
	EndGlobalSection
	GlobalSection(ProjectConfigurationPlatforms) = postSolution
		{709CD40F-D540-461D-A983-A20BFAEFC93F}.Debug|Any CPU.ActiveCfg = Debug|Any CPU
		{709CD40F-D540-461D-A983-A20BFAEFC93F}.Debug|Any CPU.Build.0 = Debug|Any CPU
		{709CD40F-D540-461D-A983-A20BFAEFC93F}.Release|Any CPU.ActiveCfg = Release|Any CPU
		{709CD40F-D540-461D-A983-A20BFAEFC93F}.Release|Any CPU.Build.0 = Release|Any CPU
		{8C29CFB9-E74F-4E7F-B347-7C1B1AFC8A2B}.Debug|Any CPU.ActiveCfg = Debug|Any CPU
		{8C29CFB9-E74F-4E7F-B347-7C1B1AFC8A2B}.Debug|Any CPU.Build.0 = Debug|Any CPU
		{8C29CFB9-E74F-4E7F-B347-7C1B1AFC8A2B}.Release|Any CPU.ActiveCfg = Release|Any CPU
		{8C29CFB9-E74F-4E7F-B347-7C1B1AFC8A2B}.Release|Any CPU.Build.0 = Release|Any CPU
		{4BDDA058-D7F5-40D9-B73B-08609CACA11E}.Debug|Any CPU.ActiveCfg = Debug|Any CPU
		{4BDDA058-D7F5-40D9-B73B-08609CACA11E}.Debug|Any CPU.Build.0 = Debug|Any CPU
		{4BDDA058-D7F5-40D9-B73B-08609CACA11E}.Release|Any CPU.ActiveCfg = Release|Any CPU
		{4BDDA058-D7F5-40D9-B73B-08609CACA11E}.Release|Any CPU.Build.0 = Release|Any CPU
		{3DCB95AE-B6D4-45CD-818F-3FF18D5825CF}.Debug|Any CPU.ActiveCfg = Debug|Any CPU
		{3DCB95AE-B6D4-45CD-818F-3FF18D5825CF}.Debug|Any CPU.Build.0 = Debug|Any CPU
		{3DCB95AE-B6D4-45CD-818F-3FF18D5825CF}.Release|Any CPU.ActiveCfg = Release|Any CPU
		{3DCB95AE-B6D4-45CD-818F-3FF18D5825CF}.Release|Any CPU.Build.0 = Release|Any CPU
		{3CD77E65-958A-463E-AA90-B8AEB3ACFB5E}.Debug|Any CPU.ActiveCfg = Debug|Any CPU
		{3CD77E65-958A-463E-AA90-B8AEB3ACFB5E}.Debug|Any CPU.Build.0 = Debug|Any CPU
		{3CD77E65-958A-463E-AA90-B8AEB3ACFB5E}.Release|Any CPU.ActiveCfg = Release|Any CPU
		{3CD77E65-958A-463E-AA90-B8AEB3ACFB5E}.Release|Any CPU.Build.0 = Release|Any CPU
		{6799A1AA-876F-4E09-B37D-93CC2D1430DC}.Debug|Any CPU.ActiveCfg = Debug|Any CPU
		{6799A1AA-876F-4E09-B37D-93CC2D1430DC}.Debug|Any CPU.Build.0 = Debug|Any CPU
		{6799A1AA-876F-4E09-B37D-93CC2D1430DC}.Release|Any CPU.ActiveCfg = Release|Any CPU
		{6799A1AA-876F-4E09-B37D-93CC2D1430DC}.Release|Any CPU.Build.0 = Release|Any CPU
		{3FD2601A-16EF-4946-ADCD-0D563BD68B00}.Debug|Any CPU.ActiveCfg = Debug|Any CPU
		{3FD2601A-16EF-4946-ADCD-0D563BD68B00}.Debug|Any CPU.Build.0 = Debug|Any CPU
		{3FD2601A-16EF-4946-ADCD-0D563BD68B00}.Release|Any CPU.ActiveCfg = Release|Any CPU
		{3FD2601A-16EF-4946-ADCD-0D563BD68B00}.Release|Any CPU.Build.0 = Release|Any CPU
		{B00C694A-DCE7-4C68-85D2-0EECD0F2B75B}.Debug|Any CPU.ActiveCfg = Debug|Any CPU
		{B00C694A-DCE7-4C68-85D2-0EECD0F2B75B}.Debug|Any CPU.Build.0 = Debug|Any CPU
		{B00C694A-DCE7-4C68-85D2-0EECD0F2B75B}.Release|Any CPU.ActiveCfg = Release|Any CPU
		{B00C694A-DCE7-4C68-85D2-0EECD0F2B75B}.Release|Any CPU.Build.0 = Release|Any CPU
		{73E59618-369B-432D-BA27-54F9DFA99847}.Debug|Any CPU.ActiveCfg = Debug|Any CPU
		{73E59618-369B-432D-BA27-54F9DFA99847}.Debug|Any CPU.Build.0 = Debug|Any CPU
		{73E59618-369B-432D-BA27-54F9DFA99847}.Release|Any CPU.ActiveCfg = Release|Any CPU
		{73E59618-369B-432D-BA27-54F9DFA99847}.Release|Any CPU.Build.0 = Release|Any CPU
		{A3B7B87A-8AAC-46F0-8908-7D3901F446D2}.Debug|Any CPU.ActiveCfg = Debug|Any CPU
		{A3B7B87A-8AAC-46F0-8908-7D3901F446D2}.Debug|Any CPU.Build.0 = Debug|Any CPU
		{A3B7B87A-8AAC-46F0-8908-7D3901F446D2}.Release|Any CPU.ActiveCfg = Release|Any CPU
		{A3B7B87A-8AAC-46F0-8908-7D3901F446D2}.Release|Any CPU.Build.0 = Release|Any CPU
		{4080E796-BCA8-4713-BCED-43523E28F842}.Debug|Any CPU.ActiveCfg = Debug|Any CPU
		{4080E796-BCA8-4713-BCED-43523E28F842}.Debug|Any CPU.Build.0 = Debug|Any CPU
		{4080E796-BCA8-4713-BCED-43523E28F842}.Release|Any CPU.ActiveCfg = Release|Any CPU
		{4080E796-BCA8-4713-BCED-43523E28F842}.Release|Any CPU.Build.0 = Release|Any CPU
		{BDDB62F7-1273-4683-A605-A3F05D0AA8FE}.Debug|Any CPU.ActiveCfg = Debug|Any CPU
		{BDDB62F7-1273-4683-A605-A3F05D0AA8FE}.Debug|Any CPU.Build.0 = Debug|Any CPU
		{BDDB62F7-1273-4683-A605-A3F05D0AA8FE}.Release|Any CPU.ActiveCfg = Release|Any CPU
		{BDDB62F7-1273-4683-A605-A3F05D0AA8FE}.Release|Any CPU.Build.0 = Release|Any CPU
		{265B8A19-BDB1-43CA-BC8B-AAF75F08EB5F}.Debug|Any CPU.ActiveCfg = Debug|Any CPU
		{265B8A19-BDB1-43CA-BC8B-AAF75F08EB5F}.Debug|Any CPU.Build.0 = Debug|Any CPU
		{265B8A19-BDB1-43CA-BC8B-AAF75F08EB5F}.Release|Any CPU.ActiveCfg = Release|Any CPU
		{265B8A19-BDB1-43CA-BC8B-AAF75F08EB5F}.Release|Any CPU.Build.0 = Release|Any CPU
		{156C84F8-4E5C-49E6-A810-5AE5DD5D143C}.Debug|Any CPU.ActiveCfg = Debug|Any CPU
		{156C84F8-4E5C-49E6-A810-5AE5DD5D143C}.Debug|Any CPU.Build.0 = Debug|Any CPU
		{156C84F8-4E5C-49E6-A810-5AE5DD5D143C}.Release|Any CPU.ActiveCfg = Release|Any CPU
		{156C84F8-4E5C-49E6-A810-5AE5DD5D143C}.Release|Any CPU.Build.0 = Release|Any CPU
		{8C91F9A8-60DA-4520-9A2D-43CF280F1736}.Debug|Any CPU.ActiveCfg = Debug|Any CPU
		{8C91F9A8-60DA-4520-9A2D-43CF280F1736}.Debug|Any CPU.Build.0 = Debug|Any CPU
		{8C91F9A8-60DA-4520-9A2D-43CF280F1736}.Release|Any CPU.ActiveCfg = Release|Any CPU
		{8C91F9A8-60DA-4520-9A2D-43CF280F1736}.Release|Any CPU.Build.0 = Release|Any CPU
		{C3461F52-E65A-4F92-A6BA-43EC12442D9C}.Debug|Any CPU.ActiveCfg = Debug|Any CPU
		{C3461F52-E65A-4F92-A6BA-43EC12442D9C}.Debug|Any CPU.Build.0 = Debug|Any CPU
		{C3461F52-E65A-4F92-A6BA-43EC12442D9C}.Release|Any CPU.ActiveCfg = Release|Any CPU
		{C3461F52-E65A-4F92-A6BA-43EC12442D9C}.Release|Any CPU.Build.0 = Release|Any CPU
	EndGlobalSection
	GlobalSection(SolutionProperties) = preSolution
		HideSolutionNode = FALSE
	EndGlobalSection
	GlobalSection(NestedProjects) = preSolution
		{91352B34-9E77-44D5-BA9F-A83C5F0E57F9} = {5DE196F0-52D4-4F2B-9EF0-4AEBDA215CFA}
		{F826A898-98E7-4034-AE44-B129320004FA} = {5DE196F0-52D4-4F2B-9EF0-4AEBDA215CFA}
		{FE2C8D67-D607-44C0-A670-7C487B6A1D53} = {5DE196F0-52D4-4F2B-9EF0-4AEBDA215CFA}
		{D868F477-B027-4A08-9280-690CE54FA8C8} = {5DE196F0-52D4-4F2B-9EF0-4AEBDA215CFA}
		{81207C27-F79A-443C-B183-8ACB77DE9634} = {91352B34-9E77-44D5-BA9F-A83C5F0E57F9}
		{709CD40F-D540-461D-A983-A20BFAEFC93F} = {81207C27-F79A-443C-B183-8ACB77DE9634}
		{16C52D71-88CC-402D-852E-AB557A5B5A43} = {F826A898-98E7-4034-AE44-B129320004FA}
		{8C29CFB9-E74F-4E7F-B347-7C1B1AFC8A2B} = {16C52D71-88CC-402D-852E-AB557A5B5A43}
		{4BDDA058-D7F5-40D9-B73B-08609CACA11E} = {16C52D71-88CC-402D-852E-AB557A5B5A43}
		{3DCB95AE-B6D4-45CD-818F-3FF18D5825CF} = {16C52D71-88CC-402D-852E-AB557A5B5A43}
		{3CD77E65-958A-463E-AA90-B8AEB3ACFB5E} = {16C52D71-88CC-402D-852E-AB557A5B5A43}
		{9DC24E52-24AA-4FE4-A462-0BFA06F10608} = {D868F477-B027-4A08-9280-690CE54FA8C8}
		{6799A1AA-876F-4E09-B37D-93CC2D1430DC} = {9DC24E52-24AA-4FE4-A462-0BFA06F10608}
		{AC87F731-05DD-47FD-9DD9-4D14A7A0FF2C} = {FE2C8D67-D607-44C0-A670-7C487B6A1D53}
		{3FD2601A-16EF-4946-ADCD-0D563BD68B00} = {AC87F731-05DD-47FD-9DD9-4D14A7A0FF2C}
		{E9415987-5618-44C0-B266-ABCE818CEEFF} = {FE2C8D67-D607-44C0-A670-7C487B6A1D53}
		{B00C694A-DCE7-4C68-85D2-0EECD0F2B75B} = {E9415987-5618-44C0-B266-ABCE818CEEFF}
		{55621BA3-94FB-48DE-BA62-E4BDE906668B} = {FE2C8D67-D607-44C0-A670-7C487B6A1D53}
		{73E59618-369B-432D-BA27-54F9DFA99847} = {55621BA3-94FB-48DE-BA62-E4BDE906668B}
		{CB3DCEB9-83A5-4BAD-86FB-46BBF03A2717} = {FE2C8D67-D607-44C0-A670-7C487B6A1D53}
		{A3B7B87A-8AAC-46F0-8908-7D3901F446D2} = {CB3DCEB9-83A5-4BAD-86FB-46BBF03A2717}
		{2271E2F9-6A8C-44F3-BA33-43DAC741A6FD} = {FE2C8D67-D607-44C0-A670-7C487B6A1D53}
		{4080E796-BCA8-4713-BCED-43523E28F842} = {2271E2F9-6A8C-44F3-BA33-43DAC741A6FD}
		{BDDB62F7-1273-4683-A605-A3F05D0AA8FE} = {2271E2F9-6A8C-44F3-BA33-43DAC741A6FD}
		{265B8A19-BDB1-43CA-BC8B-AAF75F08EB5F} = {2271E2F9-6A8C-44F3-BA33-43DAC741A6FD}
		{156C84F8-4E5C-49E6-A810-5AE5DD5D143C} = {2271E2F9-6A8C-44F3-BA33-43DAC741A6FD}
		{CD5F243E-7933-4E85-8A1F-8FA70C61B67D} = {FE2C8D67-D607-44C0-A670-7C487B6A1D53}
		{8C91F9A8-60DA-4520-9A2D-43CF280F1736} = {CD5F243E-7933-4E85-8A1F-8FA70C61B67D}
		{C3D49DC6-4F37-46FF-8046-D9AC2B4B7F13} = {6A3718A1-DCDD-4F8B-BCFC-01A13F5B66F4}
		{C3461F52-E65A-4F92-A6BA-43EC12442D9C} = {C3D49DC6-4F37-46FF-8046-D9AC2B4B7F13}
	EndGlobalSection
	GlobalSection(ExtensibilityGlobals) = postSolution
		SolutionGuid = {90CA14EC-3B30-47AC-8470-3D8A40BEA8D0}
	EndGlobalSection
EndGlobal
